
Microsoft Visual Studio Solution File, Format Version 12.00
# Visual Studio Version 17
VisualStudioVersion = 17.0.31919.166
MinimumVisualStudioVersion = 10.0.40219.1
Project("{FAE04EC0-301F-11D3-BF4B-00C04F79EFBC}") = "REP_GET_SMS_PROG", "REP_GET_SMS_PROG\REP_GET_SMS_PROG.csproj", "{1915B56E-0EDB-483D-9FD4-D955531A9F67}"
EndProject
Global
	GlobalSection(SolutionConfigurationPlatforms) = preSolution
		Debug|Any CPU = Debug|Any CPU
		Release|Any CPU = Release|Any CPU
	EndGlobalSection
	GlobalSection(ProjectConfigurationPlatforms) = postSolution
		{1915B56E-0EDB-483D-9FD4-D955531A9F67}.Debug|Any CPU.ActiveCfg = Debug|Any CPU
		{1915B56E-0EDB-483D-9FD4-D955531A9F67}.Debug|Any CPU.Build.0 = Debug|Any CPU
		{1915B56E-0EDB-483D-9FD4-D955531A9F67}.Release|Any CPU.ActiveCfg = Release|Any CPU
		{1915B56E-0EDB-483D-9FD4-D955531A9F67}.Release|Any CPU.Build.0 = Release|Any CPU
	EndGlobalSection
	GlobalSection(SolutionProperties) = preSolution
		HideSolutionNode = FALSE
	EndGlobalSection
	GlobalSection(ExtensibilityGlobals) = postSolution
		SolutionGuid = {EBBED56D-0881-4AAF-81E8-FEAF8DF152BA}
	EndGlobalSection
EndGlobal
