
Microsoft Visual Studio Solution File, Format Version 12.00
# Visual Studio Version 17
VisualStudioVersion = 17.0.31919.166
MinimumVisualStudioVersion = 10.0.40219.1
Project("{FAE04EC0-301F-11D3-BF4B-00C04F79EFBC}") = "REP_SMS_CONTROLLER_F", "REP_SMS_CONTROLLER_F\REP_SMS_CONTROLLER_F.csproj", "{CFC192F3-1D6D-4521-9328-B64768C6FD98}"
EndProject
Global
	GlobalSection(SolutionConfigurationPlatforms) = preSolution
		Debug|Any CPU = Debug|Any CPU
		Release|Any CPU = Release|Any CPU
	EndGlobalSection
	GlobalSection(ProjectConfigurationPlatforms) = postSolution
		{CFC192F3-1D6D-4521-9328-B64768C6FD98}.Debug|Any CPU.ActiveCfg = Debug|Any CPU
		{CFC192F3-1D6D-4521-9328-B64768C6FD98}.Debug|Any CPU.Build.0 = Debug|Any CPU
		{CFC192F3-1D6D-4521-9328-B64768C6FD98}.Release|Any CPU.ActiveCfg = Release|Any CPU
		{CFC192F3-1D6D-4521-9328-B64768C6FD98}.Release|Any CPU.Build.0 = Release|Any CPU
	EndGlobalSection
	GlobalSection(SolutionProperties) = preSolution
		HideSolutionNode = FALSE
	EndGlobalSection
	GlobalSection(ExtensibilityGlobals) = postSolution
		SolutionGuid = {CF5F7794-5974-4BE6-AFB8-A128156F7674}
	EndGlobalSection
EndGlobal
